
Microsoft Visual Studio Solution File, Format Version 12.00
# Visual Studio Version 16
VisualStudioVersion = 16.0.29424.173
MinimumVisualStudioVersion = 10.0.40219.1
Project("{FAE04EC0-301F-11D3-BF4B-00C04F79EFBC}") = "ProftaakProject", "ProftaakProject\ProftaakProject.csproj", "{A1DB6B90-CD44-48C8-BE59-32AD558DDBD2}"
EndProject
Global
	GlobalSection(SolutionConfigurationPlatforms) = preSolution
		Debug|Any CPU = Debug|Any CPU
		Release|Any CPU = Release|Any CPU
	EndGlobalSection
	GlobalSection(ProjectConfigurationPlatforms) = postSolution
		{A1DB6B90-CD44-48C8-BE59-32AD558DDBD2}.Debug|Any CPU.ActiveCfg = Debug|Any CPU
		{A1DB6B90-CD44-48C8-BE59-32AD558DDBD2}.Debug|Any CPU.Build.0 = Debug|Any CPU
		{A1DB6B90-CD44-48C8-BE59-32AD558DDBD2}.Release|Any CPU.ActiveCfg = Release|Any CPU
		{A1DB6B90-CD44-48C8-BE59-32AD558DDBD2}.Release|Any CPU.Build.0 = Release|Any CPU
	EndGlobalSection
	GlobalSection(SolutionProperties) = preSolution
		HideSolutionNode = FALSE
	EndGlobalSection
	GlobalSection(ExtensibilityGlobals) = postSolution
		SolutionGuid = {61D81931-3284-4654-A4DF-ACE8721C046B}
	EndGlobalSection
EndGlobal
